# THIS IS AN AUTOGENERATED FILE. DO NOT EDIT THIS FILE DIRECTLY.
# yarn lockfile v1


"@commercetools/sdk-client@^2.1.0":
  version "2.1.0"
  resolved "https://registry.yarnpkg.com/@commercetools/sdk-client/-/sdk-client-2.1.0.tgz#232b4bcd1b835df571dbecf9a95599387f8d7071"
  integrity sha512-JyvKlx6kC+6zw2Inr8l471sVvY0x0KolcgGEvq4ALJl1/5cbYomtKqak0wjBuan+JNcGozPttaD9RCygJObm9w==

"@commercetools/sdk-middleware-auth@^5.1.2":
  version "5.1.2"
  resolved "https://registry.yarnpkg.com/@commercetools/sdk-middleware-auth/-/sdk-middleware-auth-5.1.2.tgz#d9c964d0b5dce62ae52acc623ee8b36d4abe1dfe"
  integrity sha512-K0uy++waXRMWd+Oin8vur7BR6hrxH3BhVanh/MfnFkV9oLRsPv9tFQxsuCTdA8ji1DY6UMlIlc8x/4FX3V2NCw==
  dependencies:
    node-fetch "^2.3.0"

"@commercetools/sdk-middleware-http@^5.2.1":
  version "5.2.1"
  resolved "https://registry.yarnpkg.com/@commercetools/sdk-middleware-http/-/sdk-middleware-http-5.2.1.tgz#c2462acc092baa53531ee7c17c6e6c8428bed7c3"
  integrity sha512-B9CFKJC1WMozCuGWayrM7k8YuzbneyOqMzf2q/DWIb85+vmXBvoK61c4JVwK4Y9ICtR764DWyueK3f1gznxIzw==

"@commercetools/sdk-middleware-logger@^2.1.1":
  version "2.1.1"
  resolved "https://registry.yarnpkg.com/@commercetools/sdk-middleware-logger/-/sdk-middleware-logger-2.1.1.tgz#9283fdc8c403a7e2d4d06637e6015770b864e64a"
  integrity sha512-k/Jm3lsWbszPBHtPAvu0rINTq398p4ddv0zbAH8R4p6Yc1GkBEy6tNgHPzX/eFskI/qerPy9IsW1xK8pqgtHHQ==

"@commercetools/typescript-sdk@0.0.5-alpha.0":
  version "0.0.5-alpha.0"
  resolved "https://registry.yarnpkg.com/@commercetools/typescript-sdk/-/typescript-sdk-0.0.5-alpha.0.tgz#1eecfec1d20817fc3fb13773d61ecae9d4441199"
  integrity sha512-FACwyIGpIRatDMRrC8bU2bPzo6fGHvzX6a5S3qTKFU1vKzUup7OwmX7kw/48yfiFwRsdxaIWyRH9WxxsGFEYiA==
  dependencies:
    regenerator-runtime "^0.13.2"

"@hapi/accept@3.x.x":
  version "3.2.2"
  resolved "https://registry.yarnpkg.com/@hapi/accept/-/accept-3.2.2.tgz#3a033af67be8196c23f8f51aa8756687b972c7cb"
  integrity sha512-UtXlTT59srtMr7ZRBzK2CvyWqFwlf78hPt9jEXqkwfbwiwRH1PRv/qkS8lgr5ZyoG6kfpU3xTgt2X91Yfe/6Yg==
  dependencies:
    "@hapi/boom" "7.x.x"
    "@hapi/hoek" "6.x.x"

"@hapi/address@2.x.x":
  version "2.0.0"
  resolved "https://registry.yarnpkg.com/@hapi/address/-/address-2.0.0.tgz#9f05469c88cb2fd3dcd624776b54ee95c312126a"
  integrity sha512-mV6T0IYqb0xL1UALPFplXYQmR0twnXG0M6jUswpquqT2sD12BOiCiLy3EvMp/Fy7s3DZElC4/aPjEjo2jeZpvw==

"@hapi/ammo@3.x.x":
  version "3.1.0"
  resolved "https://registry.yarnpkg.com/@hapi/ammo/-/ammo-3.1.0.tgz#a3281ecb68bf7af2ffa6d0f7656536a7d23700ed"
  integrity sha512-iFQBEfm3WwWy8JdPQ8l6qXVLPtzmjITVfaxwl6dfoP8kKv6i2Uk43Ax+ShkNfOVyfEnNggqL2IyZTY3DaaRGNg==
  dependencies:
    "@hapi/hoek" "6.x.x"

"@hapi/b64@4.x.x":
  version "4.2.0"
  resolved "https://registry.yarnpkg.com/@hapi/b64/-/b64-4.2.0.tgz#76de0c7ed76e55bfa42709a4facfe894dd41d741"
  integrity sha512-hmfPC1aF7cP21489A/IWPC3s1GE+1eAteVwFcOWLwj0Pky8eHgvrXPSSko2IeCpxqOdZhYw71IFN8xKPdv3CtQ==
  dependencies:
    "@hapi/hoek" "6.x.x"

"@hapi/boom@7.x.x":
  version "7.4.2"
  resolved "https://registry.yarnpkg.com/@hapi/boom/-/boom-7.4.2.tgz#c16957cd09796f6c1bfb4031bdc39d66d6d750c3"
  integrity sha512-T2CYcTI0AqSvC6YC7keu/fh9LVSMzfoMLharBnPbOwmc+Cexj9joIc5yNDKunaxYq9LPuOwMS0f2B3S1tFQUNw==
  dependencies:
    "@hapi/hoek" "6.x.x"

"@hapi/bounce@1.x.x":
  version "1.3.1"
  resolved "https://registry.yarnpkg.com/@hapi/bounce/-/bounce-1.3.1.tgz#7e0017300fa92b21bc6706590cac08f6085899e1"
  integrity sha512-/ecFQTRBom2MEbjMHvKKE6FZ/e1gYK72CeUIFzz++dKK1kYJ0KbRJ72mXroWoTT2hIv+8H0ua/eOkO0+hRdHcw==
  dependencies:
    "@hapi/boom" "7.x.x"
    "@hapi/hoek" "8.x.x"

"@hapi/bourne@1.x.x":
  version "1.3.2"
  resolved "https://registry.yarnpkg.com/@hapi/bourne/-/bourne-1.3.2.tgz#0a7095adea067243ce3283e1b56b8a8f453b242a"
  integrity sha512-1dVNHT76Uu5N3eJNTYcvxee+jzX4Z9lfciqRRHCU27ihbUcYi+iSc2iml5Ke1LXe1SyJCLA0+14Jh4tXJgOppA==

"@hapi/call@5.x.x":
  version "5.1.0"
  resolved "https://registry.yarnpkg.com/@hapi/call/-/call-5.1.0.tgz#91e4c434318003173d96d211d90d35736a33945e"
  integrity sha512-CiVEXjD/jiIHBqufBW3pdedshEMjRmHtff7m1puot8j4MUmuKRbLlh0DB8fv6QqH/7/55pH1qgFj300r0WpyMw==
  dependencies:
    "@hapi/boom" "7.x.x"
    "@hapi/hoek" "6.x.x"

"@hapi/catbox-memory@4.x.x":
  version "4.1.0"
  resolved "https://registry.yarnpkg.com/@hapi/catbox-memory/-/catbox-memory-4.1.0.tgz#cb5fbaf45c52beb44766dae018a2aee7b43e9c88"
  integrity sha512-libCGyufOZaJu6uE9nVXw/u8tqOt4ifNIrOSAsDjzS+af3vPJyid8faOICqKCAh3E338UAsUe5AeYdezdsmtpg==
  dependencies:
    "@hapi/boom" "7.x.x"
    "@hapi/hoek" "6.x.x"

"@hapi/catbox@10.x.x":
  version "10.2.1"
  resolved "https://registry.yarnpkg.com/@hapi/catbox/-/catbox-10.2.1.tgz#ae21fbcdd16e4dff802b6969ee2d6bc51b7e1128"
  integrity sha512-u13BXlnmmrNUZssjTriRVTLuk6I/yUy5C1/Pia1+E2cpfd7o2/jmEvYdFgeS0Ft9QTz7WWhpXKlrguARUuohhQ==
  dependencies:
    "@hapi/boom" "7.x.x"
    "@hapi/hoek" "6.x.x"
    "@hapi/joi" "15.x.x"
    "@hapi/podium" "3.x.x"

"@hapi/content@4.x.x":
  version "4.1.0"
  resolved "https://registry.yarnpkg.com/@hapi/content/-/content-4.1.0.tgz#5265516949ca081e85a43e97c1058ff53fc69714"
  integrity sha512-hv2Czsl49hnWDEfRZOFow/BmYbKyfEknmk3k83gOp6moFn5ceHB4xVcna8OwsGfy8dxO81lhpPy+JgQEaU4SWw==
  dependencies:
    "@hapi/boom" "7.x.x"

"@hapi/cryptiles@4.x.x":
  version "4.2.0"
  resolved "https://registry.yarnpkg.com/@hapi/cryptiles/-/cryptiles-4.2.0.tgz#d22bd5afa54f3c1a3b944a43dadfd4c5e5747f72"
  integrity sha512-P+ioMP1JGhwDOKPRuQls6sT/ln6Fk+Ks6d90mlBi6HcOu5itvdUiFv5Ynq2DvLadPDWaA43lwNxkfZrjE9s2MA==
  dependencies:
    "@hapi/boom" "7.x.x"

"@hapi/file@1.x.x":
  version "1.0.0"
  resolved "https://registry.yarnpkg.com/@hapi/file/-/file-1.0.0.tgz#c91c39fd04db8bed5af82d2e032e7a4e65555b38"
  integrity sha512-Bsfp/+1Gyf70eGtnIgmScvrH8sSypO3TcK3Zf0QdHnzn/ACnAkI6KLtGACmNRPEzzIy+W7aJX5E+1fc9GwIABQ==

"@hapi/hapi@^18.3.1":
  version "18.3.1"
  resolved "https://registry.yarnpkg.com/@hapi/hapi/-/hapi-18.3.1.tgz#936d1e24551b11486eabd6a4974bea4ec2127669"
  integrity sha512-gBiU9isWWezrg0ucX95Ph6AY6fUKZub3FxKapaleoFBJDOUcxTYiQR6Lha2zvHalIFoTl3K04O3Yr/5pD17QkQ==
  dependencies:
    "@hapi/accept" "3.x.x"
    "@hapi/ammo" "3.x.x"
    "@hapi/boom" "7.x.x"
    "@hapi/bounce" "1.x.x"
    "@hapi/call" "5.x.x"
    "@hapi/catbox" "10.x.x"
    "@hapi/catbox-memory" "4.x.x"
    "@hapi/heavy" "6.x.x"
    "@hapi/hoek" "6.x.x"
    "@hapi/joi" "15.x.x"
    "@hapi/mimos" "4.x.x"
    "@hapi/podium" "3.x.x"
    "@hapi/shot" "4.x.x"
    "@hapi/somever" "2.x.x"
    "@hapi/statehood" "6.x.x"
    "@hapi/subtext" "6.x.x"
    "@hapi/teamwork" "3.x.x"
    "@hapi/topo" "3.x.x"

"@hapi/heavy@6.x.x":
  version "6.2.0"
  resolved "https://registry.yarnpkg.com/@hapi/heavy/-/heavy-6.2.0.tgz#b6c30578e1f30ab6ca17a818772f11b1116ba8cc"
  integrity sha512-tzGU9cElY0IxRBudGB7tLFkdpBD8XQPfd6G7DSOnvHRK+q96UHGHn4t59Yd7kDpVucNkErWWYarsGx2KmKPkXA==
  dependencies:
    "@hapi/boom" "7.x.x"
    "@hapi/hoek" "6.x.x"
    "@hapi/joi" "15.x.x"

"@hapi/hoek@6.x.x":
  version "6.2.4"
  resolved "https://registry.yarnpkg.com/@hapi/hoek/-/hoek-6.2.4.tgz#4b95fbaccbfba90185690890bdf1a2fbbda10595"
  integrity sha512-HOJ20Kc93DkDVvjwHyHawPwPkX44sIrbXazAUDiUXaY2R9JwQGo2PhFfnQtdrsIe4igjG2fPgMra7NYw7qhy0A==

"@hapi/hoek@8.x.x":
  version "8.1.0"
  resolved "https://registry.yarnpkg.com/@hapi/hoek/-/hoek-8.1.0.tgz#8f7627b23ed9bf67088fc7f9669e48c63ad421bd"
  integrity sha512-b1J4jxYnW+n6lC91V6Pqg9imP9BZq0HNCeM+3sbXg05rQsE9cGYrKFpZjyztVesGmNRE6R+QaEoWGATeIiUVjA==

"@hapi/iron@5.x.x":
  version "5.1.0"
  resolved "https://registry.yarnpkg.com/@hapi/iron/-/iron-5.1.0.tgz#c3b34783cd19b7b8aabe11b72b0ce3781fcee08d"
  integrity sha512-+MK3tBPkEKd50SrDTRXa2DVvE0UTPFKxGbodlbQpNP9SVlxi+ZwA640VJtMNj84FZh81UUxda8AOLPRKFffnEA==
  dependencies:
    "@hapi/b64" "4.x.x"
    "@hapi/boom" "7.x.x"
    "@hapi/cryptiles" "4.x.x"
    "@hapi/hoek" "6.x.x"

"@hapi/joi@15.x.x":
  version "15.1.0"
  resolved "https://registry.yarnpkg.com/@hapi/joi/-/joi-15.1.0.tgz#940cb749b5c55c26ab3b34ce362e82b6162c8e7a"
  integrity sha512-n6kaRQO8S+kepUTbXL9O/UOL788Odqs38/VOfoCrATDtTvyfiO3fgjlSRaNkHabpTLgM7qru9ifqXlXbXk8SeQ==
  dependencies:
    "@hapi/address" "2.x.x"
    "@hapi/hoek" "6.x.x"
    "@hapi/marker" "1.x.x"
    "@hapi/topo" "3.x.x"

"@hapi/marker@1.x.x":
  version "1.0.0"
  resolved "https://registry.yarnpkg.com/@hapi/marker/-/marker-1.0.0.tgz#65b0b2b01d1be06304886ce9b4b77b1bfb21a769"
  integrity sha512-JOfdekTXnJexfE8PyhZFyHvHjt81rBFSAbTIRAhF2vv/2Y1JzoKsGqxH/GpZJoF7aEfYok8JVcAHmSz1gkBieA==

"@hapi/mimos@4.x.x":
  version "4.1.0"
  resolved "https://registry.yarnpkg.com/@hapi/mimos/-/mimos-4.1.0.tgz#8c3345ca3b70c0e10e7e9e35f0e01d314c2d4e32"
  integrity sha512-CkxOB15TFZDMl5tQ5qezKZvvBnkRYVc8YksNfA5TnqQMMsU7vGPyvuuNFqj+15bfEwHyM6qasxyQNdkX9B/cQw==
  dependencies:
    "@hapi/hoek" "6.x.x"
    mime-db "1.x.x"

"@hapi/nigel@3.x.x":
  version "3.1.0"
  resolved "https://registry.yarnpkg.com/@hapi/nigel/-/nigel-3.1.0.tgz#88f78220f4f022a5bd1d61b59505367861425595"
  integrity sha512-IJyau32pz5Bf7pzUU/8AIn/SvPvhLMQcOel6kM7ECpKyPc895AwttSusRKfgTwfxZOEG6W8DnNv25gLtqrVFSg==
  dependencies:
    "@hapi/hoek" "6.x.x"
    "@hapi/vise" "3.x.x"

"@hapi/pez@4.x.x":
  version "4.1.0"
  resolved "https://registry.yarnpkg.com/@hapi/pez/-/pez-4.1.0.tgz#97a88e5d19e756efbd24e5f583d59fa8db1d6cba"
  integrity sha512-c+AxL8/cCj+7FB+tzJ5FhWKYP8zF7/7mA3Ft3a5y7h6YT26qzhj5d2JY27jur30KaZbrZAd4ofXXkqvE/IpJlA==
  dependencies:
    "@hapi/b64" "4.x.x"
    "@hapi/boom" "7.x.x"
    "@hapi/content" "4.x.x"
    "@hapi/hoek" "6.x.x"
    "@hapi/nigel" "3.x.x"

"@hapi/podium@3.x.x":
  version "3.4.0"
  resolved "https://registry.yarnpkg.com/@hapi/podium/-/podium-3.4.0.tgz#350b2a93eb13b8b7e297e5bcd8b1fea26e359607"
  integrity sha512-IwyewAPGlCoq+g5536PKSDqSTfgpwbj+q4cBJpEUNqzwc5C5SM2stuFsULU7x1jKeWevfgWDoYWC75ML4IOYug==
  dependencies:
    "@hapi/hoek" "6.x.x"
    "@hapi/joi" "15.x.x"

"@hapi/shot@4.x.x":
  version "4.1.0"
  resolved "https://registry.yarnpkg.com/@hapi/shot/-/shot-4.1.0.tgz#e564bf5474d932e947bc48ab35ff565d4e1bf57b"
  integrity sha512-rpUU5cF08fqAZLLnue6Sy0osj1QMPbrYskehxtLFPdk7CwlPcu9N/wRtgu7vDHTQCKTkag6M8sjc8V8p8lSxpg==
  dependencies:
    "@hapi/hoek" "6.x.x"
    "@hapi/joi" "15.x.x"

"@hapi/somever@2.x.x":
  version "2.1.0"
  resolved "https://registry.yarnpkg.com/@hapi/somever/-/somever-2.1.0.tgz#46ccf2a85ab77635982af15aa4a28c847717bdbf"
  integrity sha512-kMPewbpgLd0MSlNg0bjvq57Levozbg7c3O0idpWRxRgXfXBALNATLf8GRVbnMehYXAh7YRD2mR/91kginDtJ2Q==
  dependencies:
    "@hapi/bounce" "1.x.x"
    "@hapi/hoek" "6.x.x"

"@hapi/statehood@6.x.x":
  version "6.1.0"
  resolved "https://registry.yarnpkg.com/@hapi/statehood/-/statehood-6.1.0.tgz#2681c738d816281d6a590286054c8b9e779116fc"
  integrity sha512-qc8Qq3kg0b3XK7siXf6DK0wp+rcOrXv336kIP6YrtD9TbQ45TsBobwKkUXB+4R3GCCQ8a6tOj8FR/9bdtjKJCA==
  dependencies:
    "@hapi/boom" "7.x.x"
    "@hapi/bounce" "1.x.x"
    "@hapi/bourne" "1.x.x"
    "@hapi/cryptiles" "4.x.x"
    "@hapi/hoek" "6.x.x"
    "@hapi/iron" "5.x.x"
    "@hapi/joi" "15.x.x"

"@hapi/subtext@6.x.x":
  version "6.1.1"
  resolved "https://registry.yarnpkg.com/@hapi/subtext/-/subtext-6.1.1.tgz#3b63b4175a7bd06cd0d21f13912c7d81de90e6d2"
  integrity sha512-Y7NjKFRPwlzKRw5IdwRou42hR4IBQZolT+/DlvfSr/CBjGyu38n5+9LKfNKzqB/0AVEk+xynCijsx1o1UVWX8A==
  dependencies:
    "@hapi/boom" "7.x.x"
    "@hapi/bourne" "1.x.x"
    "@hapi/content" "4.x.x"
    "@hapi/file" "1.x.x"
    "@hapi/hoek" "8.x.x"
    "@hapi/pez" "4.x.x"
    "@hapi/wreck" "15.x.x"

"@hapi/teamwork@3.x.x":
  version "3.3.1"
  resolved "https://registry.yarnpkg.com/@hapi/teamwork/-/teamwork-3.3.1.tgz#b52d0ec48682dc793926bd432e22ceb19c915d3f"
  integrity sha512-61tiqWCYvMKP7fCTXy0M4VE6uNIwA0qvgFoiDubgfj7uqJ0fdHJFQNnVPGrxhLWlwz0uBPWrQlBH7r8y9vFITQ==

"@hapi/topo@3.x.x":
  version "3.1.2"
  resolved "https://registry.yarnpkg.com/@hapi/topo/-/topo-3.1.2.tgz#57cc1317be1a8c5f47c124f9b0e3c49cd78424d2"
  integrity sha512-r+aumOqJ5QbD6aLPJWqVjMAPsx5pZKz+F5yPqXZ/WWG9JTtHbQqlzrJoknJ0iJxLj9vlXtmpSdjlkszseeG8OA==
  dependencies:
    "@hapi/hoek" "8.x.x"

"@hapi/vise@3.x.x":
  version "3.1.0"
  resolved "https://registry.yarnpkg.com/@hapi/vise/-/vise-3.1.0.tgz#4fa71b9e752f35e5519115c73a47479a7375b445"
  integrity sha512-DUDzV0D4iVO5atghsjGZtzaF0HVtRLcxcnH6rAONyH0stnoLiFloGEuP5nkbIPU0B9cgWTzTUsQPuNHBzxy9Yw==
  dependencies:
    "@hapi/hoek" "6.x.x"

"@hapi/wreck@15.x.x":
  version "15.0.1"
  resolved "https://registry.yarnpkg.com/@hapi/wreck/-/wreck-15.0.1.tgz#b9f881965a7e649a8fffe6de25ba41973ed28415"
  integrity sha512-ByXQna/W1FZk7dg8NEhL79u4QkhzszRz76VpgyGstSH8bLM01a0C8RsxmUBgi6Tjkag5jA9kaEIhF9dLpMrtBw==
  dependencies:
    "@hapi/boom" "7.x.x"
    "@hapi/bourne" "1.x.x"
    "@hapi/hoek" "6.x.x"

"@types/joi@^14.3.3":
  version "14.3.3"
  resolved "https://registry.yarnpkg.com/@types/joi/-/joi-14.3.3.tgz#f251aa8150fc0b6a7ce9feab21802a28473de335"
  integrity sha512-6gAT/UkIzYb7zZulAbcof3lFxpiD5EI6xBeTvkL1wYN12pnFQ+y/+xl9BvnVgxkmaIDN89xWhGZLD9CvuOtZ9g==

"@types/node@^12.11.1":
  version "12.11.1"
  resolved "https://registry.yarnpkg.com/@types/node/-/node-12.11.1.tgz#1fd7b821f798b7fa29f667a1be8f3442bb8922a3"
  integrity sha512-TJtwsqZ39pqcljJpajeoofYRfeZ7/I/OMUQ5pR4q5wOKf2ocrUvBAZUMhWsOvKx3dVc/aaV5GluBivt0sWqA5A==

argparse@^1.0.7:
  version "1.0.10"
  resolved "https://registry.yarnpkg.com/argparse/-/argparse-1.0.10.tgz#bcd6791ea5ae09725e17e5ad988134cd40b3d911"
  integrity sha512-o5Roy6tNG4SL/FOkCAN6RzjiakZS25RLYFrcMttJqbdd8BWrnA+fGz57iN5Pb06pvBGvl5gQ0B48dJlslXvoTg==
  dependencies:
    sprintf-js "~1.0.2"

balanced-match@^1.0.0:
  version "1.0.0"
  resolved "https://registry.yarnpkg.com/balanced-match/-/balanced-match-1.0.0.tgz#89b4d199ab2bee49de164ea02b89ce462d71b767"
  integrity sha1-ibTRmasr7kneFk6gK4nORi1xt2c=

brace-expansion@^1.1.7:
  version "1.1.11"
  resolved "https://registry.yarnpkg.com/brace-expansion/-/brace-expansion-1.1.11.tgz#3c7fcbf529d87226f3d2f52b966ff5271eb441dd"
  integrity sha512-iCuPHDFgrHX7H2vEI/5xpz07zSHB00TpugqhmYtVmMO6518mCuRMoOYFldEBl0g187ufozdaHgWKcYFb61qGiA==
  dependencies:
    balanced-match "^1.0.0"
    concat-map "0.0.1"

concat-map@0.0.1:
  version "0.0.1"
  resolved "https://registry.yarnpkg.com/concat-map/-/concat-map-0.0.1.tgz#d8a96bd77fd68df7793a73036a3ba0d5405d477b"
  integrity sha1-2Klr13/Wjfd5OnMDajug1UBdR3s=

cross-fetch@2.2.2:
  version "2.2.2"
  resolved "https://registry.yarnpkg.com/cross-fetch/-/cross-fetch-2.2.2.tgz#a47ff4f7fc712daba8f6a695a11c948440d45723"
  integrity sha1-pH/09/xxLauo9qaVoRyUhEDUVyM=
  dependencies:
    node-fetch "2.1.2"
    whatwg-fetch "2.0.4"

esprima@^4.0.0:
  version "4.0.1"
  resolved "https://registry.yarnpkg.com/esprima/-/esprima-4.0.1.tgz#13b04cdb3e6c5d19df91ab6987a8695619b0aa71"
  integrity sha512-eGuFFw7Upda+g4p+QHvnW0RyTX/SVeJBDM/gCtMARO0cLuT2HcEKnTPvhjV6aGeqrCB/sbNop0Kszm0jsaWU4A==

graphql-config@2.2.1:
  version "2.2.1"
  resolved "https://registry.yarnpkg.com/graphql-config/-/graphql-config-2.2.1.tgz#5fd0ec77ac7428ca5fb2026cf131be10151a0cb2"
  integrity sha512-U8+1IAhw9m6WkZRRcyj8ZarK96R6lQBQ0an4lp76Ps9FyhOXENC5YQOxOFGm5CxPrX2rD0g3Je4zG5xdNJjwzQ==
  dependencies:
    graphql-import "^0.7.1"
    graphql-request "^1.5.0"
    js-yaml "^3.10.0"
    lodash "^4.17.4"
    minimatch "^3.0.4"

graphql-import@^0.7.1:
  version "0.7.1"
  resolved "https://registry.yarnpkg.com/graphql-import/-/graphql-import-0.7.1.tgz#4add8d91a5f752d764b0a4a7a461fcd93136f223"
  integrity sha512-YpwpaPjRUVlw2SN3OPljpWbVRWAhMAyfSba5U47qGMOSsPLi2gYeJtngGpymjm9nk57RFWEpjqwh4+dpYuFAPw==
  dependencies:
    lodash "^4.17.4"
    resolve-from "^4.0.0"

graphql-language-service-interface@^2.0.0:
  version "2.3.1"
  resolved "https://registry.yarnpkg.com/graphql-language-service-interface/-/graphql-language-service-interface-2.3.1.tgz#10882659200f10341659b9be289bd285f8e40a5d"
  integrity sha512-PbrZ6Wu1Zekmo3tXGaAiYcNLLcGtP46M2SyhjYidoJ9zVnkUsl6BHXUztWUOYNGO2TD5gjtDfOfyhl3keHMgmw==
  dependencies:
    graphql-config "2.2.1"
    graphql-language-service-parser "^1.5.0"
    graphql-language-service-types "^1.5.0"
    graphql-language-service-utils "^2.3.1"

graphql-language-service-parser@^1.5.0:
  version "1.5.0"
  resolved "https://registry.yarnpkg.com/graphql-language-service-parser/-/graphql-language-service-parser-1.5.0.tgz#3de35eb1ab33ec3c3ef5b09d640dc914c0bd11be"
  integrity sha512-DX3B6DfvKa28gJoywtnkkIUdZitWqKqBTrZ6CQV8V5wO3GzJalQKT0J+B56oDkS6MhjLt928Yu8fj63laNWfoA==
  dependencies:
    graphql-config "2.2.1"
    graphql-language-service-types "^1.5.0"

graphql-language-service-types@^1.5.0:
  version "1.5.0"
  resolved "https://registry.yarnpkg.com/graphql-language-service-types/-/graphql-language-service-types-1.5.0.tgz#826afa555eac5d4d58cfc894d6932ef962a0d137"
  integrity sha512-THxB15oPC56zlNVSwv7JCahuSUbI9xnUHdftjOqZOz5588qjlPw/UHWQ8V/k0/XwZvH/TwCkmnBkIRmPVb1S5Q==
  dependencies:
    graphql-config "2.2.1"

graphql-language-service-utils@^2.3.1:
  version "2.3.1"
  resolved "https://registry.yarnpkg.com/graphql-language-service-utils/-/graphql-language-service-utils-2.3.1.tgz#c409ea9614cbef153767ac2ff9eb316c6fb62e3e"
  integrity sha512-BXH0npfMX0uMzd+pOYc+Tu+I4194N+FYv8yRAG+aI7qQjfmVM1VirlushW9GgdU2q1Q1y0VWpW9LSH3hFHTTPw==
  dependencies:
    graphql-config "2.2.1"
    graphql-language-service-types "^1.5.0"

graphql-request@^1.5.0:
  version "1.8.2"
  resolved "https://registry.yarnpkg.com/graphql-request/-/graphql-request-1.8.2.tgz#398d10ae15c585676741bde3fc01d5ca948f8fbe"
  integrity sha512-dDX2M+VMsxXFCmUX0Vo0TopIZIX4ggzOtiCsThgtrKR4niiaagsGTDIHj3fsOMFETpa064vzovI+4YV4QnMbcg==
  dependencies:
    cross-fetch "2.2.2"

graphql@^14.5.8:
  version "14.5.8"
  resolved "https://registry.yarnpkg.com/graphql/-/graphql-14.5.8.tgz#504f3d3114cb9a0a3f359bbbcf38d9e5bf6a6b3c"
  integrity sha512-MMwmi0zlVLQKLdGiMfWkgQD7dY/TUKt4L+zgJ/aR0Howebod3aNgP5JkgvAULiR2HPVZaP2VEElqtdidHweLkg==
  dependencies:
    iterall "^1.2.2"

hoek@6.x.x:
  version "6.1.3"
  resolved "https://registry.yarnpkg.com/hoek/-/hoek-6.1.3.tgz#73b7d33952e01fe27a38b0457294b79dd8da242c"
  integrity sha512-YXXAAhmF9zpQbC7LEcREFtXfGq5K1fmd+4PHkBq8NUqmzW3G+Dq10bI/i0KucLRwss3YYFQ0fSfoxBZYiGUqtQ==

isemail@3.x.x:
  version "3.2.0"
  resolved "https://registry.yarnpkg.com/isemail/-/isemail-3.2.0.tgz#59310a021931a9fb06bbb51e155ce0b3f236832c"
  integrity sha512-zKqkK+O+dGqevc93KNsbZ/TqTUFd46MwWjYOoMrjIMZ51eU7DtQG3Wmd9SQQT7i7RVnuTPEiYEWHU3MSbxC1Tg==
  dependencies:
    punycode "2.x.x"

iterall@^1.2.2:
  version "1.2.2"
  resolved "https://registry.yarnpkg.com/iterall/-/iterall-1.2.2.tgz#92d70deb8028e0c39ff3164fdbf4d8b088130cd7"
  integrity sha512-yynBb1g+RFUPY64fTrFv7nsjRrENBQJaX2UL+2Szc9REFrSNm1rpSXHGzhmAy7a9uv3vlvgBlXnf9RqmPH1/DA==

joi@^14.3.1:
  version "14.3.1"
  resolved "https://registry.yarnpkg.com/joi/-/joi-14.3.1.tgz#164a262ec0b855466e0c35eea2a885ae8b6c703c"
  integrity sha512-LQDdM+pkOrpAn4Lp+neNIFV3axv1Vna3j38bisbQhETPMANYRbFJFUyOZcOClYvM/hppMhGWuKSFEK9vjrB+bQ==
  dependencies:
    hoek "6.x.x"
    isemail "3.x.x"
    topo "3.x.x"

js-yaml@^3.10.0:
  version "3.13.1"
  resolved "https://registry.yarnpkg.com/js-yaml/-/js-yaml-3.13.1.tgz#aff151b30bfdfa8e49e05da22e7415e9dfa37847"
  integrity sha512-YfbcO7jXDdyj0DGxYVSlSeQNHbD7XPWvrVWeVUujrQEoZzWJIRrCPoyk6kL6IAjAG2IolMK4T0hNUe0HOUs5Jw==
  dependencies:
    argparse "^1.0.7"
    esprima "^4.0.0"

lodash@^4.17.4:
  version "4.17.15"
  resolved "https://registry.yarnpkg.com/lodash/-/lodash-4.17.15.tgz#b447f6670a0455bbfeedd11392eff330ea097548"
  integrity sha512-8xOcRHvCjnocdS5cpwXQXVzmmh5e5+saE2QGoeQmbKmRS6J3VQppPOIt0MnmE+4xlZoumy0GPG0D0MVIQbNA1A==

mime-db@1.x.x:
  version "1.40.0"
  resolved "https://registry.yarnpkg.com/mime-db/-/mime-db-1.40.0.tgz#a65057e998db090f732a68f6c276d387d4126c32"
  integrity sha512-jYdeOMPy9vnxEqFRRo6ZvTZ8d9oPb+k18PKoYNYUe2stVEBPPwsln/qWzdbmaIvnhZ9v2P+CuecK+fpUfsV2mA==

minimatch@^3.0.4:
  version "3.0.4"
  resolved "https://registry.yarnpkg.com/minimatch/-/minimatch-3.0.4.tgz#5166e286457f03306064be5497e8dbb0c3d32083"
  integrity sha512-yJHVQEhyqPLUTgt9B83PXu6W3rx4MvvHvSUvToogpwoGDOUQ+yDrR0HRot+yOCdCO7u4hX3pWft6kWBBcqh0UA==
  dependencies:
    brace-expansion "^1.1.7"

node-fetch@2.1.2:
  version "2.1.2"
  resolved "https://registry.yarnpkg.com/node-fetch/-/node-fetch-2.1.2.tgz#ab884e8e7e57e38a944753cec706f788d1768bb5"
  integrity sha1-q4hOjn5X44qUR1POxwb3iNF2i7U=

node-fetch@^2.3.0, node-fetch@^2.6.0:
  version "2.6.0"
  resolved "https://registry.yarnpkg.com/node-fetch/-/node-fetch-2.6.0.tgz#e633456386d4aa55863f676a7ab0daa8fdecb0fd"
  integrity sha512-8dG4H5ujfvFiqDmVu9fQ5bOHUC15JMjMY/Zumv26oOvvVJjM67KF8koCWIabKQ1GJIa9r2mMZscBq/TbdOcmNA==

punycode@2.x.x:
  version "2.1.1"
  resolved "https://registry.yarnpkg.com/punycode/-/punycode-2.1.1.tgz#b58b010ac40c22c5657616c8d2c2c02c7bf479ec"
  integrity sha512-XRsRjdf+j5ml+y/6GKHPZbrF/8p2Yga0JPtdqTIY2Xe5ohJPD9saDJJLPvp9+NSBprVvevdXZybnj2cv8OEd0A==

regenerator-runtime@^0.13.2:
  version "0.13.3"
  resolved "https://registry.yarnpkg.com/regenerator-runtime/-/regenerator-runtime-0.13.3.tgz#7cf6a77d8f5c6f60eb73c5fc1955b2ceb01e6bf5"
  integrity sha512-naKIZz2GQ8JWh///G7L3X6LaQUAMp2lvb1rvwwsURe/VXwD6VMfr+/1NuNw3ag8v2kY1aQ/go5SNn79O9JU7yw==

resolve-from@^4.0.0:
  version "4.0.0"
  resolved "https://registry.yarnpkg.com/resolve-from/-/resolve-from-4.0.0.tgz#4abcd852ad32dd7baabfe9b40e00a36db5f392e6"
  integrity sha512-pb/MYmXstAkysRFx8piNI1tGFNQIFA3vkE3Gq4EuA1dF6gHp/+vgZqsCGJapvy8N3Q+4o7FwvquPJcnZ7RYy4g==

sprintf-js@~1.0.2:
  version "1.0.3"
  resolved "https://registry.yarnpkg.com/sprintf-js/-/sprintf-js-1.0.3.tgz#04e6926f662895354f3dd015203633b857297e2c"
  integrity sha1-BOaSb2YolTVPPdAVIDYzuFcpfiw=

topo@3.x.x:
  version "3.0.3"
  resolved "https://registry.yarnpkg.com/topo/-/topo-3.0.3.tgz#d5a67fb2e69307ebeeb08402ec2a2a6f5f7ad95c"
  integrity sha512-IgpPtvD4kjrJ7CRA3ov2FhWQADwv+Tdqbsf1ZnPUSAtCJ9e1Z44MmoSGDXGk4IppoZA7jd/QRkNddlLJWlUZsQ==
  dependencies:
    hoek "6.x.x"

ts-graphql-plugin@^1.3.0:
  version "1.3.0"
  resolved "https://registry.yarnpkg.com/ts-graphql-plugin/-/ts-graphql-plugin-1.3.0.tgz#cc593100967e55cdf989435e9bf5208af7de36aa"
  integrity sha512-9zGkExMjIT/1u4ctdKSLcYH+dWHtGyMBtKN336XSB0IUeQN6uqU/zN//YunQF4UNcAlHw/87wVk46MhgPZeVRg==
  dependencies:
    graphql-language-service-interface "^2.0.0"

typescript@^3.7.2:
  version "3.7.2"
  resolved "https://registry.yarnpkg.com/typescript/-/typescript-3.7.2.tgz#27e489b95fa5909445e9fef5ee48d81697ad18fb"
  integrity sha512-ml7V7JfiN2Xwvcer+XAf2csGO1bPBdRbFCkYBczNZggrBZ9c7G3riSUeJmqEU5uOtXNPMhE3n+R4FA/3YOAWOQ==

whatwg-fetch@2.0.4:
  version "2.0.4"
  resolved "https://registry.yarnpkg.com/whatwg-fetch/-/whatwg-fetch-2.0.4.tgz#dde6a5df315f9d39991aa17621853d720b85566f"
  integrity sha512-dcQ1GWpOD/eEQ97k66aiEVpNnapVj90/+R+SXTPYGHpYBBypfKJEQjLrvMZ7YXbKm21gXd4NcuxUTjiv1YtLng==
